{
  "version": 4,
  "terraform_version": "1.9.8",
  "serial": 1,
  "lineage": "3325b227-ddf6-ff6b-a8a0-f5575426be75",
  "outputs": {},
  "resources": [
    {
      "mode": "managed",
      "type": "local_file",
      "name": "ngnix",
      "provider": "provider[\"registry.terraform.io/hashicorp/local\"]",
      "instances": [
        {
          "schema_version": 0,
          "attributes": {
            "content": "I will be a DEVOPS Engg",
            "content_base64": null,
            "content_base64sha256": "mYCF/IRlmPt2BdMru4MCtit5wy9VdJNzXE9kumUi2AQ=",
            "content_base64sha512": "Zzkynd+VMbf9VkrDgsucNQ4rZNgvRchC8HuPcA31C2G+rPjSX+/N/RDBltYPe0MtAyMvqZx0zUp4A+xH7uppvg==",
            "content_md5": "99d936764e89041dc6a70071381c0ac5",
            "content_sha1": "62b4a125a3db5557be6c48b2b4d1fc8fd620d918",
            "content_sha256": "998085fc846598fb7605d32bbb8302b62b79c32f557493735c4f64ba6522d804",
            "content_sha512": "6739329ddf9531b7fd564ac382cb9c350e2b64d82f45c842f07b8f700df50b61beacf8d25fefcdfd10c196d60f7b432d03232fa99c74cd4a7803ec47eeea69be",
            "directory_permission": "0777",
            "file_permission": "0777",
            "filename": "/home/ubuntu/terraform/terraform-local/local.txt",
            "id": "62b4a125a3db5557be6c48b2b4d1fc8fd620d918",
            "sensitive_content": null,
            "source": null
          },
          "sensitive_attributes": [
            [
              {
                "type": "get_attr",
                "value": "sensitive_content"
              }
            ]
          ]
        }
      ]
    }
  ],
  "check_results": null
}
